
Microsoft Visual Studio Solution File, Format Version 12.00
# Visual Studio 15
VisualStudioVersion = 15.0.28010.2050
MinimumVisualStudioVersion = 10.0.40219.1
Project("{2150E333-8FDC-42A3-9474-1A3956D46DE8}") = "website", "website", "{87882F2A-6063-48D6-8402-2DB30B4ABCF7}"
EndProject
Project("{2150E333-8FDC-42A3-9474-1A3956D46DE8}") = "html", "html", "{6BFD9082-036D-4644-997F-9CF723F379B2}"
	ProjectSection(SolutionItems) = preProject
		Page.html = Page.html
		test.html = test.html
	EndProjectSection
EndProject
Project("{2150E333-8FDC-42A3-9474-1A3956D46DE8}") = "css", "css", "{BE4A5832-8991-4C40-9AE2-9FBD35A5FC3F}"
	ProjectSection(SolutionItems) = preProject
		css\bootstrap-grid.min.css = css\bootstrap-grid.min.css
		css\bootstrap-reboot.min.css = css\bootstrap-reboot.min.css
		css\bootstrap.min.css = css\bootstrap.min.css
		css\font-awesome.min.css = css\font-awesome.min.css
		css\page.css = css\page.css
	EndProjectSection
EndProject
Project("{2150E333-8FDC-42A3-9474-1A3956D46DE8}") = "scripts", "scripts", "{F019AD63-AE94-46B4-B25E-543915C58260}"
	ProjectSection(SolutionItems) = preProject
		scripts\bootstrap.bundle.min.js = scripts\bootstrap.bundle.min.js
		scripts\bootstrap.min.js = scripts\bootstrap.min.js
		scripts\jquery-3.3.1.min.js = scripts\jquery-3.3.1.min.js
		scripts\jqueryFunc.js = scripts\jqueryFunc.js
	EndProjectSection
EndProject
Global
	GlobalSection(SolutionProperties) = preSolution
		HideSolutionNode = FALSE
	EndGlobalSection
	GlobalSection(NestedProjects) = preSolution
		{6BFD9082-036D-4644-997F-9CF723F379B2} = {87882F2A-6063-48D6-8402-2DB30B4ABCF7}
		{BE4A5832-8991-4C40-9AE2-9FBD35A5FC3F} = {87882F2A-6063-48D6-8402-2DB30B4ABCF7}
		{F019AD63-AE94-46B4-B25E-543915C58260} = {87882F2A-6063-48D6-8402-2DB30B4ABCF7}
	EndGlobalSection
	GlobalSection(ExtensibilityGlobals) = postSolution
		SolutionGuid = {12493CE2-F2AF-4977-8010-290479083339}
	EndGlobalSection
EndGlobal
